
Microsoft Visual Studio Solution File, Format Version 12.00
# Visual Studio 2013
VisualStudioVersion = 12.0.31101.0
MinimumVisualStudioVersion = 10.0.40219.1
Project("{8BC9CEB8-8B4A-11D0-8D11-00A0C91BC942}") = "ChessCore", "ChessCore\ChessCore.vcxproj", "{113A444B-2F1C-4B33-9905-41A466FFEF7F}"
EndProject
Project("{8BC9CEB8-8B4A-11D0-8D11-00A0C91BC942}") = "ChessTests", "ChessTests\ChessTests.vcxproj", "{A0582624-353E-402D-BCE3-4F7D10CF5D82}"
EndProject
Global
	GlobalSection(SolutionConfigurationPlatforms) = preSolution
		Debug|Win32 = Debug|Win32
		Release|Win32 = Release|Win32
	EndGlobalSection
	GlobalSection(ProjectConfigurationPlatforms) = postSolution
		{113A444B-2F1C-4B33-9905-41A466FFEF7F}.Debug|Win32.ActiveCfg = Debug|Win32
		{113A444B-2F1C-4B33-9905-41A466FFEF7F}.Debug|Win32.Build.0 = Debug|Win32
		{113A444B-2F1C-4B33-9905-41A466FFEF7F}.Release|Win32.ActiveCfg = Release|Win32
		{113A444B-2F1C-4B33-9905-41A466FFEF7F}.Release|Win32.Build.0 = Release|Win32
		{A0582624-353E-402D-BCE3-4F7D10CF5D82}.Debug|Win32.ActiveCfg = Debug|Win32
		{A0582624-353E-402D-BCE3-4F7D10CF5D82}.Debug|Win32.Build.0 = Debug|Win32
		{A0582624-353E-402D-BCE3-4F7D10CF5D82}.Release|Win32.ActiveCfg = Release|Win32
		{A0582624-353E-402D-BCE3-4F7D10CF5D82}.Release|Win32.Build.0 = Release|Win32
	EndGlobalSection
	GlobalSection(SolutionProperties) = preSolution
		HideSolutionNode = FALSE
	EndGlobalSection
EndGlobal
