<?xml version="1.0" encoding="utf-8"?>
<Project xmlns="http://schemas.microsoft.com/developer/msbuild/2003">
  <ItemGroup>
    <Filter Include="Generated Files">
      <UniqueIdentifier>{71ED8ED8-ACB9-4CE9-BBE1-E00B30144E11}</UniqueIdentifier>
      <Extensions>cpp;c;cxx;moc;h;def;odl;idl;res;</Extensions>
    </Filter>
    <Filter Include="Generated Files">
      <UniqueIdentifier>{71ED8ED8-ACB9-4CE9-BBE1-E00B30144E11}</UniqueIdentifier>
      <Extensions>cpp;c;cxx;moc;h;def;odl;idl;res;</Extensions>
    </Filter>
    <Filter Include="Header Files">
      <UniqueIdentifier>{93995380-89BD-4b04-88EB-625FBE52EBFB}</UniqueIdentifier>
      <Extensions>h;hpp;hxx;hm;inl;inc;xsd</Extensions>
    </Filter>
    <Filter Include="Header Files">
      <UniqueIdentifier>{93995380-89BD-4b04-88EB-625FBE52EBFB}</UniqueIdentifier>
      <Extensions>h;hpp;hxx;hm;inl;inc;xsd</Extensions>
    </Filter>
    <Filter Include="Resource Files">
      <UniqueIdentifier>{D9D6E242-F8AF-46E4-B9FD-80ECBC20BA3E}</UniqueIdentifier>
      <Extensions>qrc;*</Extensions>
      <ParseFiles>false</ParseFiles>
    </Filter>
    <Filter Include="Resource Files">
      <UniqueIdentifier>{D9D6E242-F8AF-46E4-B9FD-80ECBC20BA3E}</UniqueIdentifier>
      <Extensions>qrc;*</Extensions>
      <ParseFiles>false</ParseFiles>
    </Filter>
    <Filter Include="Source Files">
      <UniqueIdentifier>{4FC737F1-C7A5-4376-A066-2A32D752A2FF}</UniqueIdentifier>
      <Extensions>cpp;c;cxx;def;odl;idl;hpj;bat;asm;asmx</Extensions>
    </Filter>
    <Filter Include="Source Files">
      <UniqueIdentifier>{4FC737F1-C7A5-4376-A066-2A32D752A2FF}</UniqueIdentifier>
      <Extensions>cpp;c;cxx;def;odl;idl;hpj;bat;asm;asmx</Extensions>
    </Filter>
    <Filter Include="Distribution Files">
      <UniqueIdentifier>{B83CAF91-C7BF-462F-B76C-EA11631F866C}</UniqueIdentifier>
      <Extensions>*</Extensions>
      <ParseFiles>false</ParseFiles>
    </Filter>
    <Filter Include="Distribution Files">
      <UniqueIdentifier>{B83CAF91-C7BF-462F-B76C-EA11631F866C}</UniqueIdentifier>
      <Extensions>*</Extensions>
      <ParseFiles>false</ParseFiles>
    </Filter>
    <Filter Include="Resource Files\black">
      <UniqueIdentifier>{bcc5361c-b427-436b-97ef-afa2e42fb7db}</UniqueIdentifier>
    </Filter>
    <Filter Include="Resource Files\white">
      <UniqueIdentifier>{12511668-3e40-44db-bd26-3eb7f6d011bf}</UniqueIdentifier>
    </Filter>
    <Filter Include="Source Files\Qml">
      <UniqueIdentifier>{bad18dcf-0dbb-4410-968e-e0ff29c3e244}</UniqueIdentifier>
    </Filter>
    <Filter Include="Resource Files\avatars">
      <UniqueIdentifier>{0b086f0a-3be9-47ff-bd0b-372183da2505}</UniqueIdentifier>
    </Filter>
  </ItemGroup>
  <ItemGroup>
    <ClCompile Include="ChessEnginePlayer.cpp">
      <Filter>Source Files</Filter>
    </ClCompile>
    <ClCompile Include="engineworker.cpp">
      <Filter>Source Files</Filter>
    </ClCompile>
    <ClCompile Include="chessconnector.cpp">
      <Filter>Source Files</Filter>
    </ClCompile>
    <ClCompile Include="main.cpp">
      <Filter>Source Files</Filter>
    </ClCompile>
    <ClCompile Include="..\..\ChessCore\stdafx.cpp">
      <Filter>Source Files</Filter>
    </ClCompile>
    <ClCompile Include="AppConfig.cpp">
      <Filter>Source Files</Filter>
    </ClCompile>
  </ItemGroup>
  <ItemGroup>
    <ClInclude Include="..\..\ChessCore\Piece.h">
      <Filter>Header Files</Filter>
    </ClInclude>
    <QtMoc Include="chessconnector.h">
      <Filter>Header Files</Filter>
    </QtMoc>
    <QtMoc Include="engineworker.h">
      <Filter>Header Files</Filter>
    </QtMoc>
    <ClInclude Include="..\..\ChessCore\stdafx.h">
      <Filter>Header Files</Filter>
    </ClInclude>
    <ClInclude Include="..\..\ChessCore\targetver.h">
      <Filter>Header Files</Filter>
    </ClInclude>
    <ClInclude Include="..\..\ChessCore\ChessEnginePlayer.h">
      <Filter>Generated Files</Filter>
    </ClInclude>
    <ClInclude Include="EngineLevel.h">
      <Filter>Header Files</Filter>
    </ClInclude>
    <ClInclude Include="AppConfig.h">
      <Filter>Header Files</Filter>
    </ClInclude>
  </ItemGroup>
  <ItemGroup>
    <QtRcc Include="qml.qrc">
      <Filter>Resource Files</Filter>
    </QtRcc>
  </ItemGroup>
  <ItemGroup>
    <None Include="pics\chess_icon.svg">
      <Filter>Resource Files</Filter>
    </None>
    <None Include="qml\Button.qml">
      <Filter>Source Files\Qml</Filter>
    </None>
    <None Include="qml\ChessBoard.qml">
      <Filter>Source Files\Qml</Filter>
    </None>
    <None Include="qml\ChessBoxes.qml">
      <Filter>Source Files\Qml</Filter>
    </None>
    <None Include="qml\ChessFigures.qml">
      <Filter>Source Files\Qml</Filter>
    </None>
    <None Include="qml\ChessGame.qml">
      <Filter>Source Files\Qml</Filter>
    </None>
    <None Include="qml\CustomSlider.qml">
      <Filter>Source Files\Qml</Filter>
    </None>
    <None Include="qml\EmptyBoardModel.qml">
      <Filter>Source Files\Qml</Filter>
    </None>
    <None Include="qml\SelectPlayerDialog.qml">
      <Filter>Source Files\Qml</Filter>
    </None>
    <None Include="qml\MarkerColumn.qml">
      <Filter>Source Files\Qml</Filter>
    </None>
    <None Include="qml\MarkerRow.qml">
      <Filter>Source Files\Qml</Filter>
    </None>
    <None Include="qml\NavigationLayer.qml">
      <Filter>Source Files\Qml</Filter>
    </None>
    <None Include="qml\NetworkPlayers.qml">
      <Filter>Source Files\Qml</Filter>
    </None>
    <None Include="qml\Notificator.qml">
      <Filter>Source Files\Qml</Filter>
    </None>
    <None Include="qml\PawnPromotionOptions.qml">
      <Filter>Source Files\Qml</Filter>
    </None>
    <None Include="qml\GameResultDialog.qml">
      <Filter>Source Files\Qml</Filter>
    </None>
  </ItemGroup>
  <ItemGroup>
    <Image Include="pics\ChessBackground.jpg">
      <Filter>Resource Files</Filter>
    </Image>
    <Image Include="pics\rotate.png">
      <Filter>Resource Files</Filter>
    </Image>
    <Image Include="pics\black\B.png">
      <Filter>Resource Files\black</Filter>
    </Image>
    <Image Include="pics\black\K.png">
      <Filter>Resource Files\black</Filter>
    </Image>
    <Image Include="pics\black\N.png">
      <Filter>Resource Files\black</Filter>
    </Image>
    <Image Include="pics\black\P.png">
      <Filter>Resource Files\black</Filter>
    </Image>
    <Image Include="pics\black\Q.png">
      <Filter>Resource Files\black</Filter>
    </Image>
    <Image Include="pics\black\R.png">
      <Filter>Resource Files\black</Filter>
    </Image>
    <Image Include="pics\white\b.png">
      <Filter>Resource Files\white</Filter>
    </Image>
    <Image Include="pics\white\k.png">
      <Filter>Resource Files\white</Filter>
    </Image>
    <Image Include="pics\white\n.png">
      <Filter>Resource Files\white</Filter>
    </Image>
    <Image Include="pics\white\p.png">
      <Filter>Resource Files\white</Filter>
    </Image>
    <Image Include="pics\white\q.png">
      <Filter>Resource Files\white</Filter>
    </Image>
    <Image Include="pics\white\r.png">
      <Filter>Resource Files\white</Filter>
    </Image>
    <Image Include="pics\avatars\alien.png">
      <Filter>Resource Files\avatars</Filter>
    </Image>
    <Image Include="pics\avatars\ball.png">
      <Filter>Resource Files\avatars</Filter>
    </Image>
    <Image Include="pics\avatars\bear.png">
      <Filter>Resource Files\avatars</Filter>
    </Image>
    <Image Include="pics\avatars\boy.png">
      <Filter>Resource Files\avatars</Filter>
    </Image>
    <Image Include="pics\avatars\cat.png">
      <Filter>Resource Files\avatars</Filter>
    </Image>
    <Image Include="pics\avatars\crown.png">
      <Filter>Resource Files\avatars</Filter>
    </Image>
    <Image Include="pics\avatars\dragon.png">
      <Filter>Resource Files\avatars</Filter>
    </Image>
    <Image Include="pics\avatars\flower.png">
      <Filter>Resource Files\avatars</Filter>
    </Image>
    <Image Include="pics\avatars\fox.png">
      <Filter>Resource Files\avatars</Filter>
    </Image>
    <Image Include="pics\avatars\girl.png">
      <Filter>Resource Files\avatars</Filter>
    </Image>
    <Image Include="pics\avatars\mouse.png">
      <Filter>Resource Files\avatars</Filter>
    </Image>
    <Image Include="pics\avatars\ninja.png">
      <Filter>Resource Files\avatars</Filter>
    </Image>
    <Image Include="pics\avatars\penguin.png">
      <Filter>Resource Files\avatars</Filter>
    </Image>
    <Image Include="pics\avatars\pirate.png">
      <Filter>Resource Files\avatars</Filter>
    </Image>
    <Image Include="pics\avatars\rabbit.png">
      <Filter>Resource Files\avatars</Filter>
    </Image>
    <Image Include="pics\avatars\robot.png">
      <Filter>Resource Files\avatars</Filter>
    </Image>
    <Image Include="pics\avatars\rocket.png">
      <Filter>Resource Files\avatars</Filter>
    </Image>
    <Image Include="pics\avatars\star.png">
      <Filter>Resource Files\avatars</Filter>
    </Image>
    <Image Include="pics\avatars\sun.png">
      <Filter>Resource Files\avatars</Filter>
    </Image>
    <Image Include="pics\avatars\unicorn.png">
      <Filter>Resource Files\avatars</Filter>
    </Image>
    <Image Include="pics\avatars\wizard.png">
      <Filter>Resource Files\avatars</Filter>
    </Image>
  </ItemGroup>
  <ItemGroup>
    <ResourceCompile Include="ChessGui.rc">
      <Filter>Resource Files\avatars</Filter>
    </ResourceCompile>
  </ItemGroup>
</Project>